lockfileVersion: '6.1'

settings:
  autoInstallPeers: true
  excludeLinksFromLockfile: false

dependencies:
  minish:
    specifier: ^0.5.4
    version: 0.5.4
  sftp-ws:
    specifier: ~0.7.0
    version: 0.7.0

packages:

  /argler@1.0.1:
    resolution: {integrity: sha512-INDu7z/EZmfuuPWpitJIxc/+83hn5bAGtWoJJ+3YmlKMIHqEjj9ADnrEKajXIqFdwpcRIwrpDWJSRdzfgoQvhQ==}
    engines: {node: '>=0.10.0'}
    dev: false

  /bindings@1.2.1:
    resolution: {integrity: sha512-u4cBQNepWxYA55FunZSM7wMi55yQaN0otnhhilNoWHq0MfOfJeQx0v0mRRpolGOExPjZcl6FtB0BB8Xkb88F0g==}
    dev: false
    optional: true

  /bufferutil@1.2.1:
    resolution: {integrity: sha512-rtE2s2JHFmfaldMwWFSUaPTxfxq6Um3xw9PEUK5bAfW83UTXp3WQpE7slnD2bd9GUgb0BA7JC/7ZxeBrIq+8Dw==}
    requiresBuild: true
    dependencies:
      bindings: 1.2.1
      nan: 2.17.0
    dev: false
    optional: true

  /minimist@1.2.8:
    resolution: {integrity: sha512-2yyAR8qBkN3YuheJanUpWC5U3bb5osDywNB8RzDVlDwDHbocAJveqqj1u8+SVD7jkWT4yvsHCpWqqWqAxb0zCA==}
    dev: false

  /minish@0.5.4:
    resolution: {integrity: sha512-B6pvrfBgdiLqaTht569bj4UUu1kB5ZFmKl5bD6JWn+oaxoumZdhQJt/W4coi6QwdWlyOpnsKjc0V6AQxf7gr0w==}
    engines: {node: '>=0.10.0'}
    dependencies:
      argler: 1.0.1
      minimist: 1.2.8
    dev: false

  /nan@2.17.0:
    resolution: {integrity: sha512-2ZTgtl0nJsO0KQCjEpxcIr5D+Yv90plTitZt9JBfQvVJDS5seMl3FOvsh3+9CoYWXf/1l5OaZzzF6nDm4cagaQ==}
    dev: false
    optional: true

  /nan@2.4.0:
    resolution: {integrity: sha512-Ym8Mn5u8D8Fwo7fHWhD7xEyKe/y/J8Epkxp6iJfZhtgnRva+GN+dQddiWGE2cksWCV92K/HzdHlJWo7aZJDlFw==}
    dev: false
    optional: true

  /options@0.0.6:
    resolution: {integrity: sha512-bOj3L1ypm++N+n7CEbbe473A414AB7z+amKYshRb//iuL3MpdDCLhPnw6aVTdKB9g5ZRVHIEp8eUln6L2NUStg==}
    engines: {node: '>=0.4.0'}
    dev: false

  /sftp-ws@0.7.0:
    resolution: {integrity: sha512-HTu2yW5zJW9c2/62IRv+hVX691BP003+9lpKqpsW4EmEl6Q9Qi9Za1UbETnRaxgCiLt1W+UKvnt5nJTfr5ZOEQ==}
    engines: {node: '>=0.10.0'}
    dependencies:
      ws: 0.8.1
    dev: false

  /ultron@1.0.2:
    resolution: {integrity: sha512-QMpnpVtYaWEeY+MwKDN/UdKlE/LsFZXM5lO1u7GaZzNgmIbGixHEmVMIKT+vqYOALu3m5GYQy9kz4Xu4IVn7Ow==}
    dev: false

  /utf-8-validate@1.2.2:
    resolution: {integrity: sha512-CcV1z1L/e1wFAZwl8T6o1MmxIsg/ClZ4nmUolyIhb3ZJKbD/ZQTZXstCf6BiRcvaThSJVI8SqWLodWq/hnWDxQ==}
    requiresBuild: true
    dependencies:
      bindings: 1.2.1
      nan: 2.4.0
    dev: false
    optional: true

  /ws@0.8.1:
    resolution: {integrity: sha512-nDxDQDUMPnPqHYO4sWI9ln+ssUz1gxXCAFpczkv3LPQMmbC5vpfX1VZid6hqAaqNfI9bEvctLFNdZJBQPtdYCQ==}
    peerDependenciesMeta:
      bufferutil:
        optional: true
      utf-8-validate:
        optional: true
    dependencies:
      options: 0.0.6
      ultron: 1.0.2
    optionalDependencies:
      bufferutil: 1.2.1
      utf-8-validate: 1.2.2
    dev: false
